
Microsoft Visual Studio Solution File, Format Version 12.00
# Visual Studio Version 17
VisualStudioVersion = 17.9.34701.34
MinimumVisualStudioVersion = 10.0.40219.1
Project("{9A19103F-16F7-4668-BE54-9A1E7A4F7556}") = "C_PRL", "C_PRL\C_PRL.csproj", "{3A18A96B-0B52-4030-9CF8-EA33361EA881}"
EndProject
Project("{FAE04EC0-301F-11D3-BF4B-00C04F79EFBC}") = "B_BUS", "B_BUS\B_BUS.csproj", "{0592F9D8-17D3-40E3-A036-C74DDD0153E7}"
EndProject
Project("{FAE04EC0-301F-11D3-BF4B-00C04F79EFBC}") = "A_DAL", "A_DAL\A_DAL.csproj", "{A4507EE4-BEE4-47AF-B6BA-80A219D2661F}"
EndProject
Global
	GlobalSection(SolutionConfigurationPlatforms) = preSolution
		Debug|Any CPU = Debug|Any CPU
		Release|Any CPU = Release|Any CPU
	EndGlobalSection
	GlobalSection(ProjectConfigurationPlatforms) = postSolution
		{3A18A96B-0B52-4030-9CF8-EA33361EA881}.Debug|Any CPU.ActiveCfg = Debug|Any CPU
		{3A18A96B-0B52-4030-9CF8-EA33361EA881}.Debug|Any CPU.Build.0 = Debug|Any CPU
		{3A18A96B-0B52-4030-9CF8-EA33361EA881}.Release|Any CPU.ActiveCfg = Release|Any CPU
		{3A18A96B-0B52-4030-9CF8-EA33361EA881}.Release|Any CPU.Build.0 = Release|Any CPU
		{0592F9D8-17D3-40E3-A036-C74DDD0153E7}.Debug|Any CPU.ActiveCfg = Debug|Any CPU
		{0592F9D8-17D3-40E3-A036-C74DDD0153E7}.Debug|Any CPU.Build.0 = Debug|Any CPU
		{0592F9D8-17D3-40E3-A036-C74DDD0153E7}.Release|Any CPU.ActiveCfg = Release|Any CPU
		{0592F9D8-17D3-40E3-A036-C74DDD0153E7}.Release|Any CPU.Build.0 = Release|Any CPU
		{A4507EE4-BEE4-47AF-B6BA-80A219D2661F}.Debug|Any CPU.ActiveCfg = Debug|Any CPU
		{A4507EE4-BEE4-47AF-B6BA-80A219D2661F}.Debug|Any CPU.Build.0 = Debug|Any CPU
		{A4507EE4-BEE4-47AF-B6BA-80A219D2661F}.Release|Any CPU.ActiveCfg = Release|Any CPU
		{A4507EE4-BEE4-47AF-B6BA-80A219D2661F}.Release|Any CPU.Build.0 = Release|Any CPU
	EndGlobalSection
	GlobalSection(SolutionProperties) = preSolution
		HideSolutionNode = FALSE
	EndGlobalSection
	GlobalSection(ExtensibilityGlobals) = postSolution
		SolutionGuid = {57FE62AA-C9B3-44DC-B5A3-82B860BBB6DA}
	EndGlobalSection
EndGlobal
